
Microsoft Visual Studio Solution File, Format Version 12.00
# Visual Studio Version 17
VisualStudioVersion = 17.6.33801.468
MinimumVisualStudioVersion = 10.0.40219.1
Project("{FAE04EC0-301F-11D3-BF4B-00C04F79EFBC}") = "TestAssignmentDesktop.CoinCap", "TestAssignmentDesktop.CoinCap\TestAssignmentDesktop.CoinCap.csproj", "{E714CEC2-DC38-41A7-B5DD-10C24F935676}"
EndProject
Global
	GlobalSection(SolutionConfigurationPlatforms) = preSolution
		Debug|Any CPU = Debug|Any CPU
		Release|Any CPU = Release|Any CPU
	EndGlobalSection
	GlobalSection(ProjectConfigurationPlatforms) = postSolution
		{E714CEC2-DC38-41A7-B5DD-10C24F935676}.Debug|Any CPU.ActiveCfg = Debug|Any CPU
		{E714CEC2-DC38-41A7-B5DD-10C24F935676}.Debug|Any CPU.Build.0 = Debug|Any CPU
		{E714CEC2-DC38-41A7-B5DD-10C24F935676}.Release|Any CPU.ActiveCfg = Release|Any CPU
		{E714CEC2-DC38-41A7-B5DD-10C24F935676}.Release|Any CPU.Build.0 = Release|Any CPU
	EndGlobalSection
	GlobalSection(SolutionProperties) = preSolution
		HideSolutionNode = FALSE
	EndGlobalSection
	GlobalSection(ExtensibilityGlobals) = postSolution
		SolutionGuid = {69691161-E4BC-45CB-872F-E6757455EECD}
	EndGlobalSection
EndGlobal
